
Microsoft Visual Studio Solution File, Format Version 12.00
# Visual Studio 15
VisualStudioVersion = 15.0.28010.2016
MinimumVisualStudioVersion = 10.0.40219.1
Project("{FAE04EC0-301F-11D3-BF4B-00C04F79EFBC}") = "SchedulerWeb", "SchedulerWeb\SchedulerWeb.csproj", "{95BD2006-605D-4EA3-B1DB-D96886317CE9}"
EndProject
Global
	GlobalSection(SolutionConfigurationPlatforms) = preSolution
		Debug|Any CPU = Debug|Any CPU
		Release|Any CPU = Release|Any CPU
	EndGlobalSection
	GlobalSection(ProjectConfigurationPlatforms) = postSolution
		{95BD2006-605D-4EA3-B1DB-D96886317CE9}.Debug|Any CPU.ActiveCfg = Debug|Any CPU
		{95BD2006-605D-4EA3-B1DB-D96886317CE9}.Debug|Any CPU.Build.0 = Debug|Any CPU
		{95BD2006-605D-4EA3-B1DB-D96886317CE9}.Release|Any CPU.ActiveCfg = Release|Any CPU
		{95BD2006-605D-4EA3-B1DB-D96886317CE9}.Release|Any CPU.Build.0 = Release|Any CPU
	EndGlobalSection
	GlobalSection(SolutionProperties) = preSolution
		HideSolutionNode = FALSE
	EndGlobalSection
	GlobalSection(ExtensibilityGlobals) = postSolution
		SolutionGuid = {99B24AED-C383-4C58-A8F1-9543B94D80FB}
	EndGlobalSection
EndGlobal
